
Microsoft Visual Studio Solution File, Format Version 12.00
# Visual Studio Version 17
VisualStudioVersion = 17.1.32328.378
MinimumVisualStudioVersion = 10.0.40219.1
Project("{FAE04EC0-301F-11D3-BF4B-00C04F79EFBC}") = "BoomerMusicApp", "BoomerMusicApp\BoomerMusicApp.csproj", "{4973C9FE-969E-4742-B43E-41BF77F923E0}"
EndProject
Project("{FAE04EC0-301F-11D3-BF4B-00C04F79EFBC}") = "BoomerMusicApp.Data", "BoomerMusicApp.Data\BoomerMusicApp.Data.csproj", "{E220081D-F3F9-46A2-A434-38558B873095}"
EndProject
Project("{FAE04EC0-301F-11D3-BF4B-00C04F79EFBC}") = "BoomerMusicApp.Tests", "BoomerMusicApp.Tests\BoomerMusicApp.Tests.csproj", "{1EEFBC18-2857-42B8-9D1B-B4AF1BE4AB3F}"
EndProject
Global
	GlobalSection(SolutionConfigurationPlatforms) = preSolution
		Debug|Any CPU = Debug|Any CPU
		Release|Any CPU = Release|Any CPU
	EndGlobalSection
	GlobalSection(ProjectConfigurationPlatforms) = postSolution
		{4973C9FE-969E-4742-B43E-41BF77F923E0}.Debug|Any CPU.ActiveCfg = Debug|Any CPU
		{4973C9FE-969E-4742-B43E-41BF77F923E0}.Debug|Any CPU.Build.0 = Debug|Any CPU
		{4973C9FE-969E-4742-B43E-41BF77F923E0}.Release|Any CPU.ActiveCfg = Release|Any CPU
		{4973C9FE-969E-4742-B43E-41BF77F923E0}.Release|Any CPU.Build.0 = Release|Any CPU
		{E220081D-F3F9-46A2-A434-38558B873095}.Debug|Any CPU.ActiveCfg = Debug|Any CPU
		{E220081D-F3F9-46A2-A434-38558B873095}.Debug|Any CPU.Build.0 = Debug|Any CPU
		{E220081D-F3F9-46A2-A434-38558B873095}.Release|Any CPU.ActiveCfg = Release|Any CPU
		{E220081D-F3F9-46A2-A434-38558B873095}.Release|Any CPU.Build.0 = Release|Any CPU
		{1EEFBC18-2857-42B8-9D1B-B4AF1BE4AB3F}.Debug|Any CPU.ActiveCfg = Debug|Any CPU
		{1EEFBC18-2857-42B8-9D1B-B4AF1BE4AB3F}.Debug|Any CPU.Build.0 = Debug|Any CPU
		{1EEFBC18-2857-42B8-9D1B-B4AF1BE4AB3F}.Release|Any CPU.ActiveCfg = Release|Any CPU
		{1EEFBC18-2857-42B8-9D1B-B4AF1BE4AB3F}.Release|Any CPU.Build.0 = Release|Any CPU
	EndGlobalSection
	GlobalSection(SolutionProperties) = preSolution
		HideSolutionNode = FALSE
	EndGlobalSection
	GlobalSection(ExtensibilityGlobals) = postSolution
		SolutionGuid = {283CB0D9-5B90-4391-9125-BC14B5F08C73}
	EndGlobalSection
EndGlobal
